// !$*UTF8*$!
{
	archiveVersion = 1;
	classes = {
	};
	objectVersion = 56;
	objects = {

/* Begin PBXBuildFile section */
		8465C6E72E6F7AA60076F8F5 /* RoadieGigEvaluatorApp.swift in Sources */ = {isa = PBXBuildFile; fileRef = 8465C6E62E6F7AA60076F8F5 /* RoadieGigEvaluatorApp.swift */; };
		8465C6E92E6F7AA60076F8F5 /* ContentView.swift in Sources */ = {isa = PBXBuildFile; fileRef = 8465C6E82E6F7AA60076F8F5 /* ContentView.swift */; };
		8465C6EB2E6F7AA80076F8F5 /* Assets.xcassets in Resources */ = {isa = PBXBuildFile; fileRef = 8465C6EA2E6F7AA80076F8F5 /* Assets.xcassets */; };
		8465C6EE2E6F7AA80076F8F5 /* Preview Assets.xcassets in Resources */ = {isa = PBXBuildFile; fileRef = 8465C6ED2E6F7AA80076F8F5 /* Preview Assets.xcassets */; };
		8465C6F82E6F7AA80076F8F5 /* RoadieGigEvaluatorTests.swift in Sources */ = {isa = PBXBuildFile; fileRef = 8465C6F72E6F7AA80076F8F5 /* RoadieGigEvaluatorTests.swift */; };
		8465C7022E6F7AA80076F8F5 /* RoadieGigEvaluatorUITests.swift in Sources */ = {isa = PBXBuildFile; fileRef = 8465C7012E6F7AA80076F8F5 /* RoadieGigEvaluatorUITests.swift */; };
		8465C7042E6F7AA80076F8F5 /* RoadieGigEvaluatorUITestsLaunchTests.swift in Sources */ = {isa = PBXBuildFile; fileRef = 8465C7032E6F7AA80076F8F5 /* RoadieGigEvaluatorUITestsLaunchTests.swift */; };
		8465C7112E6F7B300076F8F5 /* GigModels.swift in Sources */ = {isa = PBXBuildFile; fileRef = 8465C7102E6F7B300076F8F5 /* GigModels.swift */; };
		8465C7132E6F7EF10076F8F5 /* ImagePicker.swift in Sources */ = {isa = PBXBuildFile; fileRef = 8465C7122E6F7EF10076F8F5 /* ImagePicker.swift */; };
		8465C7152E6F808E0076F8F5 /* OCRService.swift in Sources */ = {isa = PBXBuildFile; fileRef = 8465C7142E6F808E0076F8F5 /* OCRService.swift */; };
		8465C7172E6F80E10076F8F5 /* LocationService.swift in Sources */ = {isa = PBXBuildFile; fileRef = 8465C7162E6F80E10076F8F5 /* LocationService.swift */; };
		8465C7192E6F81070076F8F5 /* SettingsView.swift in Sources */ = {isa = PBXBuildFile; fileRef = 8465C7182E6F81070076F8F5 /* SettingsView.swift */; };
/* End PBXBuildFile section */

/* Begin PBXContainerItemProxy section */
		8465C6F42E6F7AA80076F8F5 /* PBXContainerItemProxy */ = {
			isa = PBXContainerItemProxy;
			containerPortal = 8465C6DB2E6F7AA60076F8F5 /* Project object */;
			proxyType = 1;
			remoteGlobalIDString = 8465C6E22E6F7AA60076F8F5;
			remoteInfo = RoadieGigEvaluator;
		};
		8465C6FE2E6F7AA80076F8F5 /* PBXContainerItemProxy */ = {
			isa = PBXContainerItemProxy;
			containerPortal = 8465C6DB2E6F7AA60076F8F5 /* Project object */;
			proxyType = 1;
			remoteGlobalIDString = 8465C6E22E6F7AA60076F8F5;
			remoteInfo = RoadieGigEvaluator;
		};
/* End PBXContainerItemProxy section */

/* Begin PBXFileReference section */
		8465C6E32E6F7AA60076F8F5 /* RoadieGigEvaluator.app */ = {isa = PBXFileReference; explicitFileType = wrapper.application; includeInIndex = 0; path = RoadieGigEvaluator.app; sourceTree = BUILT_PRODUCTS_DIR; };
		8465C6E62E6F7AA60076F8F5 /* RoadieGigEvaluatorApp.swift */ = {isa = PBXFileReference; lastKnownFileType = sourcecode.swift; path = RoadieGigEvaluatorApp.swift; sourceTree = "<group>"; };
		8465C6E82E6F7AA60076F8F5 /* ContentView.swift */ = {isa = PBXFileReference; lastKnownFileType = sourcecode.swift; path = ContentView.swift; sourceTree = "<group>"; };
		8465C6EA2E6F7AA80076F8F5 /* Assets.xcassets */ = {isa = PBXFileReference; lastKnownFileType = folder.assetcatalog; path = Assets.xcassets; sourceTree = "<group>"; };
		8465C6ED2E6F7AA80076F8F5 /* Preview Assets.xcassets */ = {isa = PBXFileReference; lastKnownFileType = folder.assetcatalog; path = "Preview Assets.xcassets"; sourceTree = "<group>"; };
		8465C6F32E6F7AA80076F8F5 /* RoadieGigEvaluatorTests.xctest */ = {isa = PBXFileReference; explicitFileType = wrapper.cfbundle; includeInIndex = 0; path = RoadieGigEvaluatorTests.xctest; sourceTree = BUILT_PRODUCTS_DIR; };
		8465C6F72E6F7AA80076F8F5 /* RoadieGigEvaluatorTests.swift */ = {isa = PBXFileReference; lastKnownFileType = sourcecode.swift; path = RoadieGigEvaluatorTests.swift; sourceTree = "<group>"; };
		8465C6FD2E6F7AA80076F8F5 /* RoadieGigEvaluatorUITests.xctest */ = {isa = PBXFileReference; explicitFileType = wrapper.cfbundle; includeInIndex = 0; path = RoadieGigEvaluatorUITests.xctest; sourceTree = BUILT_PRODUCTS_DIR; };
		8465C7012E6F7AA80076F8F5 /* RoadieGigEvaluatorUITests.swift */ = {isa = PBXFileReference; lastKnownFileType = sourcecode.swift; path = RoadieGigEvaluatorUITests.swift; sourceTree = "<group>"; };
		8465C7032E6F7AA80076F8F5 /* RoadieGigEvaluatorUITestsLaunchTests.swift */ = {isa = PBXFileReference; lastKnownFileType = sourcecode.swift; path = RoadieGigEvaluatorUITestsLaunchTests.swift; sourceTree = "<group>"; };
		8465C7102E6F7B300076F8F5 /* GigModels.swift */ = {isa = PBXFileReference; lastKnownFileType = sourcecode.swift; path = GigModels.swift; sourceTree = "<group>"; };
		8465C7122E6F7EF10076F8F5 /* ImagePicker.swift */ = {isa = PBXFileReference; lastKnownFileType = sourcecode.swift; path = ImagePicker.swift; sourceTree = "<group>"; };
		8465C7142E6F808E0076F8F5 /* OCRService.swift */ = {isa = PBXFileReference; lastKnownFileType = sourcecode.swift; path = OCRService.swift; sourceTree = "<group>"; };
		8465C7162E6F80E10076F8F5 /* LocationService.swift */ = {isa = PBXFileReference; lastKnownFileType = sourcecode.swift; path = LocationService.swift; sourceTree = "<group>"; };
		8465C7182E6F81070076F8F5 /* SettingsView.swift */ = {isa = PBXFileReference; lastKnownFileType = sourcecode.swift; path = SettingsView.swift; sourceTree = "<group>"; };
/* End PBXFileReference section */

/* Begin PBXFrameworksBuildPhase section */
		8465C6E02E6F7AA60076F8F5 /* Frameworks */ = {
			isa = PBXFrameworksBuildPhase;
			buildActionMask = 2147483647;
			files = (
			);
			runOnlyForDeploymentPostprocessing = 0;
		};
		8465C6F02E6F7AA80076F8F5 /* Frameworks */ = {
			isa = PBXFrameworksBuildPhase;
			buildActionMask = 2147483647;
			files = (
			);
			runOnlyForDeploymentPostprocessing = 0;
		};
		8465C6FA2E6F7AA80076F8F5 /* Frameworks */ = {
			isa = PBXFrameworksBuildPhase;
			buildActionMask = 2147483647;
			files = (
			);
			runOnlyForDeploymentPostprocessing = 0;
		};
/* End PBXFrameworksBuildPhase section */

/* Begin PBXGroup section */
		8465C6DA2E6F7AA60076F8F5 = {
			isa = PBXGroup;
			children = (
				8465C6E52E6F7AA60076F8F5 /* RoadieGigEvaluator */,
				8465C6F62E6F7AA80076F8F5 /* RoadieGigEvaluatorTests */,
				8465C7002E6F7AA80076F8F5 /* RoadieGigEvaluatorUITests */,
				8465C6E42E6F7AA60076F8F5 /* Products */,
			);
			sourceTree = "<group>";
		};
		8465C6E42E6F7AA60076F8F5 /* Products */ = {
			isa = PBXGroup;
			children = (
				8465C6E32E6F7AA60076F8F5 /* RoadieGigEvaluator.app */,
				8465C6F32E6F7AA80076F8F5 /* RoadieGigEvaluatorTests.xctest */,
				8465C6FD2E6F7AA80076F8F5 /* RoadieGigEvaluatorUITests.xctest */,
			);
			name = Products;
			sourceTree = "<group>";
		};
		8465C6E52E6F7AA60076F8F5 /* RoadieGigEvaluator */ = {
			isa = PBXGroup;
			children = (
				8465C7122E6F7EF10076F8F5 /* ImagePicker.swift */,
				8465C7102E6F7B300076F8F5 /* GigModels.swift */,
				8465C6E62E6F7AA60076F8F5 /* RoadieGigEvaluatorApp.swift */,
				8465C7142E6F808E0076F8F5 /* OCRService.swift */,
				8465C7162E6F80E10076F8F5 /* LocationService.swift */,
				8465C7182E6F81070076F8F5 /* SettingsView.swift */,
				8465C6E82E6F7AA60076F8F5 /* ContentView.swift */,
				8465C6EA2E6F7AA80076F8F5 /* Assets.xcassets */,
				8465C6EC2E6F7AA80076F8F5 /* Preview Content */,
			);
			path = RoadieGigEvaluator;
			sourceTree = "<group>";
		};
		8465C6EC2E6F7AA80076F8F5 /* Preview Content */ = {
			isa = PBXGroup;
			children = (
				8465C6ED2E6F7AA80076F8F5 /* Preview Assets.xcassets */,
			);
			path = "Preview Content";
			sourceTree = "<group>";
		};
		8465C6F62E6F7AA80076F8F5 /* RoadieGigEvaluatorTests */ = {
			isa = PBXGroup;
			children = (
				8465C6F72E6F7AA80076F8F5 /* RoadieGigEvaluatorTests.swift */,
			);
			path = RoadieGigEvaluatorTests;
			sourceTree = "<group>";
		};
		8465C7002E6F7AA80076F8F5 /* RoadieGigEvaluatorUITests */ = {
			isa = PBXGroup;
			children = (
				8465C7012E6F7AA80076F8F5 /* RoadieGigEvaluatorUITests.swift */,
				8465C7032E6F7AA80076F8F5 /* RoadieGigEvaluatorUITestsLaunchTests.swift */,
			);
			path = RoadieGigEvaluatorUITests;
			sourceTree = "<group>";
		};
/* End PBXGroup section */

/* Begin PBXNativeTarget section */
		8465C6E22E6F7AA60076F8F5 /* RoadieGigEvaluator */ = {
			isa = PBXNativeTarget;
			buildConfigurationList = 8465C7072E6F7AA80076F8F5 /* Build configuration list for PBXNativeTarget "RoadieGigEvaluator" */;
			buildPhases = (
				8465C6DF2E6F7AA60076F8F5 /* Sources */,
				8465C6E02E6F7AA60076F8F5 /* Frameworks */,
				8465C6E12E6F7AA60076F8F5 /* Resources */,
			);
			buildRules = (
			);
			dependencies = (
			);
			name = RoadieGigEvaluator;
			productName = RoadieGigEvaluator;
			productReference = 8465C6E32E6F7AA60076F8F5 /* RoadieGigEvaluator.app */;
			productType = "com.apple.product-type.application";
		};
		8465C6F22E6F7AA80076F8F5 /* RoadieGigEvaluatorTests */ = {
			isa = PBXNativeTarget;
			buildConfigurationList = 8465C70A2E6F7AA80076F8F5 /* Build configuration list for PBXNativeTarget "RoadieGigEvaluatorTests" */;
			buildPhases = (
				8465C6EF2E6F7AA80076F8F5 /* Sources */,
				8465C6F02E6F7AA80076F8F5 /* Frameworks */,
				8465C6F12E6F7AA80076F8F5 /* Resources */,
			);
			buildRules = (
			);
			dependencies = (
				8465C6F52E6F7AA80076F8F5 /* PBXTargetDependency */,
			);
			name = RoadieGigEvaluatorTests;
			productName = RoadieGigEvaluatorTests;
			productReference = 8465C6F32E6F7AA80076F8F5 /* RoadieGigEvaluatorTests.xctest */;
			productType = "com.apple.product-type.bundle.unit-test";
		};
		8465C6FC2E6F7AA80076F8F5 /* RoadieGigEvaluatorUITests */ = {
			isa = PBXNativeTarget;
			buildConfigurationList = 8465C70D2E6F7AA80076F8F5 /* Build configuration list for PBXNativeTarget "RoadieGigEvaluatorUITests" */;
			buildPhases = (
				8465C6F92E6F7AA80076F8F5 /* Sources */,
				8465C6FA2E6F7AA80076F8F5 /* Frameworks */,
				8465C6FB2E6F7AA80076F8F5 /* Resources */,
			);
			buildRules = (
			);
			dependencies = (
				8465C6FF2E6F7AA80076F8F5 /* PBXTargetDependency */,
			);
			name = RoadieGigEvaluatorUITests;
			productName = RoadieGigEvaluatorUITests;
			productReference = 8465C6FD2E6F7AA80076F8F5 /* RoadieGigEvaluatorUITests.xctest */;
			productType = "com.apple.product-type.bundle.ui-testing";
		};
/* End PBXNativeTarget section */

/* Begin PBXProject section */
		8465C6DB2E6F7AA60076F8F5 /* Project object */ = {
			isa = PBXProject;
			attributes = {
				BuildIndependentTargetsInParallel = 1;
				LastSwiftUpdateCheck = 1540;
				LastUpgradeCheck = 1540;
				TargetAttributes = {
					8465C6E22E6F7AA60076F8F5 = {
						CreatedOnToolsVersion = 15.4;
					};
					8465C6F22E6F7AA80076F8F5 = {
						CreatedOnToolsVersion = 15.4;
						TestTargetID = 8465C6E22E6F7AA60076F8F5;
					};
					8465C6FC2E6F7AA80076F8F5 = {
						CreatedOnToolsVersion = 15.4;
						TestTargetID = 8465C6E22E6F7AA60076F8F5;
					};
				};
			};
			buildConfigurationList = 8465C6DE2E6F7AA60076F8F5 /* Build configuration list for PBXProject "RoadieGigEvaluator" */;
			compatibilityVersion = "Xcode 14.0";
			developmentRegion = en;
			hasScannedForEncodings = 0;
			knownRegions = (
				en,
				Base,
			);
			mainGroup = 8465C6DA2E6F7AA60076F8F5;
			productRefGroup = 8465C6E42E6F7AA60076F8F5 /* Products */;
			projectDirPath = "";
			projectRoot = "";
			targets = (
				8465C6E22E6F7AA60076F8F5 /* RoadieGigEvaluator */,
				8465C6F22E6F7AA80076F8F5 /* RoadieGigEvaluatorTests */,
				8465C6FC2E6F7AA80076F8F5 /* RoadieGigEvaluatorUITests */,
			);
		};
/* End PBXProject section */

/* Begin PBXResourcesBuildPhase section */
		8465C6E12E6F7AA60076F8F5 /* Resources */ = {
			isa = PBXResourcesBuildPhase;
			buildActionMask = 2147483647;
			files = (
				8465C6EE2E6F7AA80076F8F5 /* Preview Assets.xcassets in Resources */,
				8465C6EB2E6F7AA80076F8F5 /* Assets.xcassets in Resources */,
			);
			runOnlyForDeploymentPostprocessing = 0;
		};
		8465C6F12E6F7AA80076F8F5 /* Resources */ = {
			isa = PBXResourcesBuildPhase;
			buildActionMask = 2147483647;
			files = (
			);
			runOnlyForDeploymentPostprocessing = 0;
		};
		8465C6FB2E6F7AA80076F8F5 /* Resources */ = {
			isa = PBXResourcesBuildPhase;
			buildActionMask = 2147483647;
			files = (
			);
			runOnlyForDeploymentPostprocessing = 0;
		};
/* End PBXResourcesBuildPhase section */

/* Begin PBXSourcesBuildPhase section */
		8465C6DF2E6F7AA60076F8F5 /* Sources */ = {
			isa = PBXSourcesBuildPhase;
			buildActionMask = 2147483647;
			files = (
				8465C7192E6F81070076F8F5 /* SettingsView.swift in Sources */,
				8465C7152E6F808E0076F8F5 /* OCRService.swift in Sources */,
				8465C7112E6F7B300076F8F5 /* GigModels.swift in Sources */,
				8465C7132E6F7EF10076F8F5 /* ImagePicker.swift in Sources */,
				8465C6E92E6F7AA60076F8F5 /* ContentView.swift in Sources */,
				8465C7172E6F80E10076F8F5 /* LocationService.swift in Sources */,
				8465C6E72E6F7AA60076F8F5 /* RoadieGigEvaluatorApp.swift in Sources */,
			);
			runOnlyForDeploymentPostprocessing = 0;
		};
		8465C6EF2E6F7AA80076F8F5 /* Sources */ = {
			isa = PBXSourcesBuildPhase;
			buildActionMask = 2147483647;
			files = (
				8465C6F82E6F7AA80076F8F5 /* RoadieGigEvaluatorTests.swift in Sources */,
			);
			runOnlyForDeploymentPostprocessing = 0;
		};
		8465C6F92E6F7AA80076F8F5 /* Sources */ = {
			isa = PBXSourcesBuildPhase;
			buildActionMask = 2147483647;
			files = (
				8465C7042E6F7AA80076F8F5 /* RoadieGigEvaluatorUITestsLaunchTests.swift in Sources */,
				8465C7022E6F7AA80076F8F5 /* RoadieGigEvaluatorUITests.swift in Sources */,
			);
			runOnlyForDeploymentPostprocessing = 0;
		};
/* End PBXSourcesBuildPhase section */

/* Begin PBXTargetDependency section */
		8465C6F52E6F7AA80076F8F5 /* PBXTargetDependency */ = {
			isa = PBXTargetDependency;
			target = 8465C6E22E6F7AA60076F8F5 /* RoadieGigEvaluator */;
			targetProxy = 8465C6F42E6F7AA80076F8F5 /* PBXContainerItemProxy */;
		};
		8465C6FF2E6F7AA80076F8F5 /* PBXTargetDependency */ = {
			isa = PBXTargetDependency;
			target = 8465C6E22E6F7AA60076F8F5 /* RoadieGigEvaluator */;
			targetProxy = 8465C6FE2E6F7AA80076F8F5 /* PBXContainerItemProxy */;
		};
/* End PBXTargetDependency section */

/* Begin XCBuildConfiguration section */
		8465C7052E6F7AA80076F8F5 /* Debug */ = {
			isa = XCBuildConfiguration;
			buildSettings = {
				ALWAYS_SEARCH_USER_PATHS = NO;
				ASSETCATALOG_COMPILER_GENERATE_SWIFT_ASSET_SYMBOL_EXTENSIONS = YES;
				CLANG_ANALYZER_NONNULL = YES;
				CLANG_ANALYZER_NUMBER_OBJECT_CONVERSION = YES_AGGRESSIVE;
				CLANG_CXX_LANGUAGE_STANDARD = "gnu++20";
				CLANG_ENABLE_MODULES = YES;
				CLANG_ENABLE_OBJC_ARC = YES;
				CLANG_ENABLE_OBJC_WEAK = YES;
				CLANG_WARN_BLOCK_CAPTURE_AUTORELEASING = YES;
				CLANG_WARN_BOOL_CONVERSION = YES;
				CLANG_WARN_COMMA = YES;
				CLANG_WARN_CONSTANT_CONVERSION = YES;
				CLANG_WARN_DEPRECATED_OBJC_IMPLEMENTATIONS = YES;
				CLANG_WARN_DIRECT_OBJC_ISA_USAGE = YES_ERROR;
				CLANG_WARN_DOCUMENTATION_COMMENTS = YES;
				CLANG_WARN_EMPTY_BODY = YES;
				CLANG_WARN_ENUM_CONVERSION = YES;
				CLANG_WARN_INFINITE_RECURSION = YES;
				CLANG_WARN_INT_CONVERSION = YES;
				CLANG_WARN_NON_LITERAL_NULL_CONVERSION = YES;
				CLANG_WARN_OBJC_IMPLICIT_RETAIN_SELF = YES;
				CLANG_WARN_OBJC_LITERAL_CONVERSION = YES;
				CLANG_WARN_OBJC_ROOT_CLASS = YES_ERROR;
				CLANG_WARN_QUOTED_INCLUDE_IN_FRAMEWORK_HEADER = YES;
				CLANG_WARN_RANGE_LOOP_ANALYSIS = YES;
				CLANG_WARN_STRICT_PROTOTYPES = YES;
				CLANG_WARN_SUSPICIOUS_MOVE = YES;
				CLANG_WARN_UNGUARDED_AVAILABILITY = YES_AGGRESSIVE;
				CLANG_WARN_UNREACHABLE_CODE = YES;
				CLANG_WARN__DUPLICATE_METHOD_MATCH = YES;
				COPY_PHASE_STRIP = NO;
				DEBUG_INFORMATION_FORMAT = dwarf;
				ENABLE_STRICT_OBJC_MSGSEND = YES;
				ENABLE_TESTABILITY = YES;
				ENABLE_USER_SCRIPT_SANDBOXING = YES;
				GCC_C_LANGUAGE_STANDARD = gnu17;
				GCC_DYNAMIC_NO_PIC = NO;
				GCC_NO_COMMON_BLOCKS = YES;
				GCC_OPTIMIZATION_LEVEL = 0;
				GCC_PREPROCESSOR_DEFINITIONS = (
					"DEBUG=1",
					"$(inherited)",
				);
				GCC_WARN_64_TO_32_BIT_CONVERSION = YES;
				GCC_WARN_ABOUT_RETURN_TYPE = YES_ERROR;
				GCC_WARN_UNDECLARED_SELECTOR = YES;
				GCC_WARN_UNINITIALIZED_AUTOS = YES_AGGRESSIVE;
				GCC_WARN_UNUSED_FUNCTION = YES;
				GCC_WARN_UNUSED_VARIABLE = YES;
				IPHONEOS_DEPLOYMENT_TARGET = 17.5;
				LOCALIZATION_PREFERS_STRING_CATALOGS = YES;
				MTL_ENABLE_DEBUG_INFO = INCLUDE_SOURCE;
				MTL_FAST_MATH = YES;
				ONLY_ACTIVE_ARCH = YES;
				SDKROOT = iphoneos;
				SWIFT_ACTIVE_COMPILATION_CONDITIONS = "DEBUG $(inherited)";
				SWIFT_OPTIMIZATION_LEVEL = "-Onone";
			};
			name = Debug;
		};
		8465C7062E6F7AA80076F8F5 /* Release */ = {
			isa = XCBuildConfiguration;
			buildSettings = {
				ALWAYS_SEARCH_USER_PATHS = NO;
				ASSETCATALOG_COMPILER_GENERATE_SWIFT_ASSET_SYMBOL_EXTENSIONS = YES;
				CLANG_ANALYZER_NONNULL = YES;
				CLANG_ANALYZER_NUMBER_OBJECT_CONVERSION = YES_AGGRESSIVE;
				CLANG_CXX_LANGUAGE_STANDARD = "gnu++20";
				CLANG_ENABLE_MODULES = YES;
				CLANG_ENABLE_OBJC_ARC = YES;
				CLANG_ENABLE_OBJC_WEAK = YES;
				CLANG_WARN_BLOCK_CAPTURE_AUTORELEASING = YES;
				CLANG_WARN_BOOL_CONVERSION = YES;
				CLANG_WARN_COMMA = YES;
				CLANG_WARN_CONSTANT_CONVERSION = YES;
				CLANG_WARN_DEPRECATED_OBJC_IMPLEMENTATIONS = YES;
				CLANG_WARN_DIRECT_OBJC_ISA_USAGE = YES_ERROR;
				CLANG_WARN_DOCUMENTATION_COMMENTS = YES;
				CLANG_WARN_EMPTY_BODY = YES;
				CLANG_WARN_ENUM_CONVERSION = YES;
				CLANG_WARN_INFINITE_RECURSION = YES;
				CLANG_WARN_INT_CONVERSION = YES;
				CLANG_WARN_NON_LITERAL_NULL_CONVERSION = YES;
				CLANG_WARN_OBJC_IMPLICIT_RETAIN_SELF = YES;
				CLANG_WARN_OBJC_LITERAL_CONVERSION = YES;
				CLANG_WARN_OBJC_ROOT_CLASS = YES_ERROR;
				CLANG_WARN_QUOTED_INCLUDE_IN_FRAMEWORK_HEADER = YES;
				CLANG_WARN_RANGE_LOOP_ANALYSIS = YES;
				CLANG_WARN_STRICT_PROTOTYPES = YES;
				CLANG_WARN_SUSPICIOUS_MOVE = YES;
				CLANG_WARN_UNGUARDED_AVAILABILITY = YES_AGGRESSIVE;
				CLANG_WARN_UNREACHABLE_CODE = YES;
				CLANG_WARN__DUPLICATE_METHOD_MATCH = YES;
				COPY_PHASE_STRIP = NO;
				DEBUG_INFORMATION_FORMAT = "dwarf-with-dsym";
				ENABLE_NS_ASSERTIONS = NO;
				ENABLE_STRICT_OBJC_MSGSEND = YES;
				ENABLE_USER_SCRIPT_SANDBOXING = YES;
				GCC_C_LANGUAGE_STANDARD = gnu17;
				GCC_NO_COMMON_BLOCKS = YES;
				GCC_WARN_64_TO_32_BIT_CONVERSION = YES;
				GCC_WARN_ABOUT_RETURN_TYPE = YES_ERROR;
				GCC_WARN_UNDECLARED_SELECTOR = YES;
				GCC_WARN_UNINITIALIZED_AUTOS = YES_AGGRESSIVE;
				GCC_WARN_UNUSED_FUNCTION = YES;
				GCC_WARN_UNUSED_VARIABLE = YES;
				IPHONEOS_DEPLOYMENT_TARGET = 17.5;
				LOCALIZATION_PREFERS_STRING_CATALOGS = YES;
				MTL_ENABLE_DEBUG_INFO = NO;
				MTL_FAST_MATH = YES;
				SDKROOT = iphoneos;
				SWIFT_COMPILATION_MODE = wholemodule;
				VALIDATE_PRODUCT = YES;
			};
			name = Release;
		};
		8465C7082E6F7AA80076F8F5 /* Debug */ = {
			isa = XCBuildConfiguration;
			buildSettings = {
				ASSETCATALOG_COMPILER_APPICON_NAME = AppIcon;
				ASSETCATALOG_COMPILER_GLOBAL_ACCENT_COLOR_NAME = AccentColor;
				CODE_SIGN_STYLE = Automatic;
				CURRENT_PROJECT_VERSION = 1;
				DEVELOPMENT_ASSET_PATHS = "\"RoadieGigEvaluator/Preview Content\"";
				ENABLE_PREVIEWS = YES;
				GENERATE_INFOPLIST_FILE = YES;
				INFOPLIST_KEY_NSLocationWhenInUseUsageDescription = "Used to estimate distance to the pickup location.";
				INFOPLIST_KEY_NSPhotoLibraryUsageDescription = "Needed to import Roadie screenshots";
				INFOPLIST_KEY_UIApplicationSceneManifest_Generation = YES;
				INFOPLIST_KEY_UIApplicationSupportsIndirectInputEvents = YES;
				INFOPLIST_KEY_UILaunchScreen_Generation = YES;
				INFOPLIST_KEY_UISupportedInterfaceOrientations_iPad = "UIInterfaceOrientationPortrait UIInterfaceOrientationPortraitUpsideDown UIInterfaceOrientationLandscapeLeft UIInterfaceOrientationLandscapeRight";
				INFOPLIST_KEY_UISupportedInterfaceOrientations_iPhone = "UIInterfaceOrientationPortrait UIInterfaceOrientationLandscapeLeft UIInterfaceOrientationLandscapeRight";
				LD_RUNPATH_SEARCH_PATHS = (
					"$(inherited)",
					"@executable_path/Frameworks",
				);
				MARKETING_VERSION = 1.0;
				PRODUCT_BUNDLE_IDENTIFIER = wilsonlxdesign.RoadieGigEvaluator;
				PRODUCT_NAME = "$(TARGET_NAME)";
				SWIFT_EMIT_LOC_STRINGS = YES;
				SWIFT_VERSION = 5.0;
				TARGETED_DEVICE_FAMILY = "1,2";
			};
			name = Debug;
		};
		8465C7092E6F7AA80076F8F5 /* Release */ = {
			isa = XCBuildConfiguration;
			buildSettings = {
				ASSETCATALOG_COMPILER_APPICON_NAME = AppIcon;
				ASSETCATALOG_COMPILER_GLOBAL_ACCENT_COLOR_NAME = AccentColor;
				CODE_SIGN_STYLE = Automatic;
				CURRENT_PROJECT_VERSION = 1;
				DEVELOPMENT_ASSET_PATHS = "\"RoadieGigEvaluator/Preview Content\"";
				ENABLE_PREVIEWS = YES;
				GENERATE_INFOPLIST_FILE = YES;
				INFOPLIST_KEY_NSLocationWhenInUseUsageDescription = "Used to estimate distance to the pickup location.";
				INFOPLIST_KEY_NSPhotoLibraryUsageDescription = "Needed to import Roadie screenshots";
				INFOPLIST_KEY_UIApplicationSceneManifest_Generation = YES;
				INFOPLIST_KEY_UIApplicationSupportsIndirectInputEvents = YES;
				INFOPLIST_KEY_UILaunchScreen_Generation = YES;
				INFOPLIST_KEY_UISupportedInterfaceOrientations_iPad = "UIInterfaceOrientationPortrait UIInterfaceOrientationPortraitUpsideDown UIInterfaceOrientationLandscapeLeft UIInterfaceOrientationLandscapeRight";
				INFOPLIST_KEY_UISupportedInterfaceOrientations_iPhone = "UIInterfaceOrientationPortrait UIInterfaceOrientationLandscapeLeft UIInterfaceOrientationLandscapeRight";
				LD_RUNPATH_SEARCH_PATHS = (
					"$(inherited)",
					"@executable_path/Frameworks",
				);
				MARKETING_VERSION = 1.0;
				PRODUCT_BUNDLE_IDENTIFIER = wilsonlxdesign.RoadieGigEvaluator;
				PRODUCT_NAME = "$(TARGET_NAME)";
				SWIFT_EMIT_LOC_STRINGS = YES;
				SWIFT_VERSION = 5.0;
				TARGETED_DEVICE_FAMILY = "1,2";
			};
			name = Release;
		};
		8465C70B2E6F7AA80076F8F5 /* Debug */ = {
			isa = XCBuildConfiguration;
			buildSettings = {
				ALWAYS_EMBED_SWIFT_STANDARD_LIBRARIES = YES;
				BUNDLE_LOADER = "$(TEST_HOST)";
				CODE_SIGN_STYLE = Automatic;
				CURRENT_PROJECT_VERSION = 1;
				GENERATE_INFOPLIST_FILE = YES;
				IPHONEOS_DEPLOYMENT_TARGET = 17.5;
				MARKETING_VERSION = 1.0;
				PRODUCT_BUNDLE_IDENTIFIER = wilsonlxdesign.RoadieGigEvaluatorTests;
				PRODUCT_NAME = "$(TARGET_NAME)";
				SWIFT_EMIT_LOC_STRINGS = NO;
				SWIFT_VERSION = 5.0;
				TARGETED_DEVICE_FAMILY = "1,2";
				TEST_HOST = "$(BUILT_PRODUCTS_DIR)/RoadieGigEvaluator.app/$(BUNDLE_EXECUTABLE_FOLDER_PATH)/RoadieGigEvaluator";
			};
			name = Debug;
		};
		8465C70C2E6F7AA80076F8F5 /* Release */ = {
			isa = XCBuildConfiguration;
			buildSettings = {
				ALWAYS_EMBED_SWIFT_STANDARD_LIBRARIES = YES;
				BUNDLE_LOADER = "$(TEST_HOST)";
				CODE_SIGN_STYLE = Automatic;
				CURRENT_PROJECT_VERSION = 1;
				GENERATE_INFOPLIST_FILE = YES;
				IPHONEOS_DEPLOYMENT_TARGET = 17.5;
				MARKETING_VERSION = 1.0;
				PRODUCT_BUNDLE_IDENTIFIER = wilsonlxdesign.RoadieGigEvaluatorTests;
				PRODUCT_NAME = "$(TARGET_NAME)";
				SWIFT_EMIT_LOC_STRINGS = NO;
				SWIFT_VERSION = 5.0;
				TARGETED_DEVICE_FAMILY = "1,2";
				TEST_HOST = "$(BUILT_PRODUCTS_DIR)/RoadieGigEvaluator.app/$(BUNDLE_EXECUTABLE_FOLDER_PATH)/RoadieGigEvaluator";
			};
			name = Release;
		};
		8465C70E2E6F7AA80076F8F5 /* Debug */ = {
			isa = XCBuildConfiguration;
			buildSettings = {
				ALWAYS_EMBED_SWIFT_STANDARD_LIBRARIES = YES;
				CODE_SIGN_STYLE = Automatic;
				CURRENT_PROJECT_VERSION = 1;
				GENERATE_INFOPLIST_FILE = YES;
				MARKETING_VERSION = 1.0;
				PRODUCT_BUNDLE_IDENTIFIER = wilsonlxdesign.RoadieGigEvaluatorUITests;
				PRODUCT_NAME = "$(TARGET_NAME)";
				SWIFT_EMIT_LOC_STRINGS = NO;
				SWIFT_VERSION = 5.0;
				TARGETED_DEVICE_FAMILY = "1,2";
				TEST_TARGET_NAME = RoadieGigEvaluator;
			};
			name = Debug;
		};
		8465C70F2E6F7AA80076F8F5 /* Release */ = {
			isa = XCBuildConfiguration;
			buildSettings = {
				ALWAYS_EMBED_SWIFT_STANDARD_LIBRARIES = YES;
				CODE_SIGN_STYLE = Automatic;
				CURRENT_PROJECT_VERSION = 1;
				GENERATE_INFOPLIST_FILE = YES;
				MARKETING_VERSION = 1.0;
				PRODUCT_BUNDLE_IDENTIFIER = wilsonlxdesign.RoadieGigEvaluatorUITests;
				PRODUCT_NAME = "$(TARGET_NAME)";
				SWIFT_EMIT_LOC_STRINGS = NO;
				SWIFT_VERSION = 5.0;
				TARGETED_DEVICE_FAMILY = "1,2";
				TEST_TARGET_NAME = RoadieGigEvaluator;
			};
			name = Release;
		};
/* End XCBuildConfiguration section */

/* Begin XCConfigurationList section */
		8465C6DE2E6F7AA60076F8F5 /* Build configuration list for PBXProject "RoadieGigEvaluator" */ = {
			isa = XCConfigurationList;
			buildConfigurations = (
				8465C7052E6F7AA80076F8F5 /* Debug */,
				8465C7062E6F7AA80076F8F5 /* Release */,
			);
			defaultConfigurationIsVisible = 0;
			defaultConfigurationName = Release;
		};
		8465C7072E6F7AA80076F8F5 /* Build configuration list for PBXNativeTarget "RoadieGigEvaluator" */ = {
			isa = XCConfigurationList;
			buildConfigurations = (
				8465C7082E6F7AA80076F8F5 /* Debug */,
				8465C7092E6F7AA80076F8F5 /* Release */,
			);
			defaultConfigurationIsVisible = 0;
			defaultConfigurationName = Release;
		};
		8465C70A2E6F7AA80076F8F5 /* Build configuration list for PBXNativeTarget "RoadieGigEvaluatorTests" */ = {
			isa = XCConfigurationList;
			buildConfigurations = (
				8465C70B2E6F7AA80076F8F5 /* Debug */,
				8465C70C2E6F7AA80076F8F5 /* Release */,
			);
			defaultConfigurationIsVisible = 0;
			defaultConfigurationName = Release;
		};
		8465C70D2E6F7AA80076F8F5 /* Build configuration list for PBXNativeTarget "RoadieGigEvaluatorUITests" */ = {
			isa = XCConfigurationList;
			buildConfigurations = (
				8465C70E2E6F7AA80076F8F5 /* Debug */,
				8465C70F2E6F7AA80076F8F5 /* Release */,
			);
			defaultConfigurationIsVisible = 0;
			defaultConfigurationName = Release;
		};
/* End XCConfigurationList section */
	};
	rootObject = 8465C6DB2E6F7AA60076F8F5 /* Project object */;
}
